// !$*UTF8*$!
{
	archiveVersion = 1;
	classes = {
	};
	objectVersion = 77;
	objects = {

/* Begin PBXBuildFile section */
		019C4BEFA337469C411FCE5D /* SourceLayer.swift in Sources */ = {isa = PBXBuildFile; fileRef = D1778C3C25AA47FD0FBA8320 /* SourceLayer.swift */; };
		040565A3C77F0B8EE612CDC5 /* AppModel.swift in Sources */ = {isa = PBXBuildFile; fileRef = 787E1D77CFF97B98A4A69080 /* AppModel.swift */; };
		5114BE23CF692BD0DB67F26E /* ContentView.swift in Sources */ = {isa = PBXBuildFile; fileRef = F43060C4C3669D392A12F7D4 /* ContentView.swift */; };
		8191E6D372BB7385252E32F2 /* PreviewPaneView.swift in Sources */ = {isa = PBXBuildFile; fileRef = 6F9F99405A752F21E23D0D24 /* PreviewPaneView.swift */; };
		8ED7A4BA19543D59453B2693 /* PaletteService.swift in Sources */ = {isa = PBXBuildFile; fileRef = F897CA2BDC03F087EF8B6B46 /* PaletteService.swift */; };
		9D7A88CCD5877A7C06839177 /* PrintSupport.swift in Sources */ = {isa = PBXBuildFile; fileRef = FCAAE4994A66A613E8DB76D0 /* PrintSupport.swift */; };
		A2EA0E5B9167406592F83F09 /* ColorMatchingApp.swift in Sources */ = {isa = PBXBuildFile; fileRef = 6FD7DAFC2B52DF6B724379BA /* ColorMatchingApp.swift */; };
		C53081701AD4D5E162A1421E /* ColorComposerCore in Frameworks */ = {isa = PBXBuildFile; productRef = 28B96300F0AF18AAB10BD009 /* ColorComposerCore */; };
		D40AE62DEECE2B4888CE4591 /* ProjectDocument.swift in Sources */ = {isa = PBXBuildFile; fileRef = 6AD0CA8B2A6C6FA43952B426 /* ProjectDocument.swift */; };
		DA1F86A83ABE158DA0CA116D /* SidebarSections.swift in Sources */ = {isa = PBXBuildFile; fileRef = EC68D853FEC37A34DBD2CA22 /* SidebarSections.swift */; };
		F7DE5C7141C2711E0952029C /* ImageUtilities.swift in Sources */ = {isa = PBXBuildFile; fileRef = BD5D8180D6AE65AD859F6BAC /* ImageUtilities.swift */; };
/* End PBXBuildFile section */

/* Begin PBXFileReference section */
		5D8030F8270D2E92B74C6830 /* ColorMatching.app */ = {isa = PBXFileReference; explicitFileType = wrapper.application; includeInIndex = 0; path = ColorMatching.app; sourceTree = BUILT_PRODUCTS_DIR; };
		6AD0CA8B2A6C6FA43952B426 /* ProjectDocument.swift */ = {isa = PBXFileReference; lastKnownFileType = sourcecode.swift; path = ProjectDocument.swift; sourceTree = "<group>"; };
		6EAFFBE873D10F7F69746A92 /* ColorComposerCore */ = {isa = PBXFileReference; lastKnownFileType = folder; name = ColorComposerCore; path = ColorComposerCore; sourceTree = SOURCE_ROOT; };
		6F9F99405A752F21E23D0D24 /* PreviewPaneView.swift */ = {isa = PBXFileReference; lastKnownFileType = sourcecode.swift; path = PreviewPaneView.swift; sourceTree = "<group>"; };
		6FD7DAFC2B52DF6B724379BA /* ColorMatchingApp.swift */ = {isa = PBXFileReference; lastKnownFileType = sourcecode.swift; path = ColorMatchingApp.swift; sourceTree = "<group>"; };
		787E1D77CFF97B98A4A69080 /* AppModel.swift */ = {isa = PBXFileReference; lastKnownFileType = sourcecode.swift; path = AppModel.swift; sourceTree = "<group>"; };
		BD5D8180D6AE65AD859F6BAC /* ImageUtilities.swift */ = {isa = PBXFileReference; lastKnownFileType = sourcecode.swift; path = ImageUtilities.swift; sourceTree = "<group>"; };
		D1778C3C25AA47FD0FBA8320 /* SourceLayer.swift */ = {isa = PBXFileReference; lastKnownFileType = sourcecode.swift; path = SourceLayer.swift; sourceTree = "<group>"; };
		EC68D853FEC37A34DBD2CA22 /* SidebarSections.swift */ = {isa = PBXFileReference; lastKnownFileType = sourcecode.swift; path = SidebarSections.swift; sourceTree = "<group>"; };
		F43060C4C3669D392A12F7D4 /* ContentView.swift */ = {isa = PBXFileReference; lastKnownFileType = sourcecode.swift; path = ContentView.swift; sourceTree = "<group>"; };
		F897CA2BDC03F087EF8B6B46 /* PaletteService.swift */ = {isa = PBXFileReference; lastKnownFileType = sourcecode.swift; path = PaletteService.swift; sourceTree = "<group>"; };
		FCAAE4994A66A613E8DB76D0 /* PrintSupport.swift */ = {isa = PBXFileReference; lastKnownFileType = sourcecode.swift; path = PrintSupport.swift; sourceTree = "<group>"; };
/* End PBXFileReference section */

/* Begin PBXFrameworksBuildPhase section */
		9D711611F6D92E58E59E47AA /* Frameworks */ = {
			isa = PBXFrameworksBuildPhase;
			buildActionMask = 2147483647;
			files = (
				C53081701AD4D5E162A1421E /* ColorComposerCore in Frameworks */,
			);
			runOnlyForDeploymentPostprocessing = 0;
		};
/* End PBXFrameworksBuildPhase section */

/* Begin PBXGroup section */
		0B21C6DC6EB1F9308C0471EE /* Imaging */ = {
			isa = PBXGroup;
			children = (
				BD5D8180D6AE65AD859F6BAC /* ImageUtilities.swift */,
			);
			path = Imaging;
			sourceTree = "<group>";
		};
		28A6803ADACE60D50B543254 /* Networking */ = {
			isa = PBXGroup;
			children = (
				F897CA2BDC03F087EF8B6B46 /* PaletteService.swift */,
			);
			path = Networking;
			sourceTree = "<group>";
		};
		77528B1AD7F9701569DCB796 /* Printing */ = {
			isa = PBXGroup;
			children = (
				FCAAE4994A66A613E8DB76D0 /* PrintSupport.swift */,
			);
			path = Printing;
			sourceTree = "<group>";
		};
		A6A2A5839B79AF1F65392595 /* Views */ = {
			isa = PBXGroup;
			children = (
				F43060C4C3669D392A12F7D4 /* ContentView.swift */,
				6F9F99405A752F21E23D0D24 /* PreviewPaneView.swift */,
				EC68D853FEC37A34DBD2CA22 /* SidebarSections.swift */,
			);
			path = Views;
			sourceTree = "<group>";
		};
		C1CEE4A98AC8AE5E3425A2AC = {
			isa = PBXGroup;
			children = (
				F65A7EA48D1749D336076D21 /* ColorMatching */,
				FBAE0E01B604161B5AB0BBF7 /* Packages */,
				F19E480D13640987A37C4276 /* Products */,
			);
			sourceTree = "<group>";
		};
		D7D2114C187C00AECE2A2B9E /* Models */ = {
			isa = PBXGroup;
			children = (
				787E1D77CFF97B98A4A69080 /* AppModel.swift */,
				6AD0CA8B2A6C6FA43952B426 /* ProjectDocument.swift */,
				D1778C3C25AA47FD0FBA8320 /* SourceLayer.swift */,
			);
			path = Models;
			sourceTree = "<group>";
		};
		F19E480D13640987A37C4276 /* Products */ = {
			isa = PBXGroup;
			children = (
				5D8030F8270D2E92B74C6830 /* ColorMatching.app */,
			);
			name = Products;
			sourceTree = "<group>";
		};
		F65A7EA48D1749D336076D21 /* ColorMatching */ = {
			isa = PBXGroup;
			children = (
				6FD7DAFC2B52DF6B724379BA /* ColorMatchingApp.swift */,
				0B21C6DC6EB1F9308C0471EE /* Imaging */,
				D7D2114C187C00AECE2A2B9E /* Models */,
				28A6803ADACE60D50B543254 /* Networking */,
				77528B1AD7F9701569DCB796 /* Printing */,
				A6A2A5839B79AF1F65392595 /* Views */,
			);
			path = ColorMatching;
			sourceTree = "<group>";
		};
		FBAE0E01B604161B5AB0BBF7 /* Packages */ = {
			isa = PBXGroup;
			children = (
				6EAFFBE873D10F7F69746A92 /* ColorComposerCore */,
			);
			name = Packages;
			sourceTree = "<group>";
		};
/* End PBXGroup section */

/* Begin PBXNativeTarget section */
		503C4C5CF87815C31B1ED47D /* ColorMatching */ = {
			isa = PBXNativeTarget;
			buildConfigurationList = B1BDED6FAB1F7A0542CDBBF9 /* Build configuration list for PBXNativeTarget "ColorMatching" */;
			buildPhases = (
				4F52A4FAE18A837C331F69D3 /* Sources */,
				9D711611F6D92E58E59E47AA /* Frameworks */,
			);
			buildRules = (
			);
			dependencies = (
			);
			name = ColorMatching;
			packageProductDependencies = (
				28B96300F0AF18AAB10BD009 /* ColorComposerCore */,
			);
			productName = ColorMatching;
			productReference = 5D8030F8270D2E92B74C6830 /* ColorMatching.app */;
			productType = "com.apple.product-type.application";
		};
/* End PBXNativeTarget section */

/* Begin PBXProject section */
		62E6A01D9803A97073CBE3C8 /* Project object */ = {
			isa = PBXProject;
			attributes = {
				BuildIndependentTargetsInParallel = YES;
				LastUpgradeCheck = 1430;
				TargetAttributes = {
					503C4C5CF87815C31B1ED47D = {
						ProvisioningStyle = Automatic;
					};
				};
			};
			buildConfigurationList = 916938EC1F9914CDB033958A /* Build configuration list for PBXProject "ColorMatching" */;
			developmentRegion = en;
			hasScannedForEncodings = 0;
			knownRegions = (
				Base,
				en,
			);
			mainGroup = C1CEE4A98AC8AE5E3425A2AC;
			minimizedProjectReferenceProxies = 1;
			packageReferences = (
				F1F28A6A3F1191124AA4139E /* XCLocalSwiftPackageReference "ColorComposerCore" */,
			);
			preferredProjectObjectVersion = 77;
			productRefGroup = F19E480D13640987A37C4276 /* Products */;
			projectDirPath = "";
			projectRoot = "";
			targets = (
				503C4C5CF87815C31B1ED47D /* ColorMatching */,
			);
		};
/* End PBXProject section */

/* Begin PBXSourcesBuildPhase section */
		4F52A4FAE18A837C331F69D3 /* Sources */ = {
			isa = PBXSourcesBuildPhase;
			buildActionMask = 2147483647;
			files = (
				040565A3C77F0B8EE612CDC5 /* AppModel.swift in Sources */,
				A2EA0E5B9167406592F83F09 /* ColorMatchingApp.swift in Sources */,
				5114BE23CF692BD0DB67F26E /* ContentView.swift in Sources */,
				F7DE5C7141C2711E0952029C /* ImageUtilities.swift in Sources */,
				8ED7A4BA19543D59453B2693 /* PaletteService.swift in Sources */,
				8191E6D372BB7385252E32F2 /* PreviewPaneView.swift in Sources */,
				9D7A88CCD5877A7C06839177 /* PrintSupport.swift in Sources */,
				D40AE62DEECE2B4888CE4591 /* ProjectDocument.swift in Sources */,
				DA1F86A83ABE158DA0CA116D /* SidebarSections.swift in Sources */,
				019C4BEFA337469C411FCE5D /* SourceLayer.swift in Sources */,
			);
			runOnlyForDeploymentPostprocessing = 0;
		};
/* End PBXSourcesBuildPhase section */

/* Begin XCBuildConfiguration section */
		3AF365C54C1A5C3E6D464158 /* Debug */ = {
			isa = XCBuildConfiguration;
			buildSettings = {
				ASSETCATALOG_COMPILER_APPICON_NAME = AppIcon;
				CODE_SIGN_ENTITLEMENTS = ColorMatching/ColorMatching.entitlements;
				COMBINE_HIDPI_IMAGES = YES;
				ENABLE_HARDENED_RUNTIME = YES;
				GENERATE_INFOPLIST_FILE = NO;
				INFOPLIST_FILE = ColorMatching/Info.plist;
				LD_RUNPATH_SEARCH_PATHS = (
					"$(inherited)",
					"@executable_path/../Frameworks",
				);
				PRODUCT_BUNDLE_IDENTIFIER = com.viamin.colormatching.composer;
				SDKROOT = macosx;
			};
			name = Debug;
		};
		84418E9F0CF796BC021AEA9B /* Debug */ = {
			isa = XCBuildConfiguration;
			buildSettings = {
				ALWAYS_SEARCH_USER_PATHS = NO;
				CLANG_ANALYZER_NONNULL = YES;
				CLANG_ANALYZER_NUMBER_OBJECT_CONVERSION = YES_AGGRESSIVE;
				CLANG_CXX_LANGUAGE_STANDARD = "gnu++14";
				CLANG_CXX_LIBRARY = "libc++";
				CLANG_ENABLE_MODULES = YES;
				CLANG_ENABLE_OBJC_ARC = YES;
				CLANG_ENABLE_OBJC_WEAK = YES;
				CLANG_WARN_BLOCK_CAPTURE_AUTORELEASING = YES;
				CLANG_WARN_BOOL_CONVERSION = YES;
				CLANG_WARN_COMMA = YES;
				CLANG_WARN_CONSTANT_CONVERSION = YES;
				CLANG_WARN_DEPRECATED_OBJC_IMPLEMENTATIONS = YES;
				CLANG_WARN_DIRECT_OBJC_ISA_USAGE = YES_ERROR;
				CLANG_WARN_DOCUMENTATION_COMMENTS = YES;
				CLANG_WARN_EMPTY_BODY = YES;
				CLANG_WARN_ENUM_CONVERSION = YES;
				CLANG_WARN_INFINITE_RECURSION = YES;
				CLANG_WARN_INT_CONVERSION = YES;
				CLANG_WARN_NON_LITERAL_NULL_CONVERSION = YES;
				CLANG_WARN_OBJC_IMPLICIT_RETAIN_SELF = YES;
				CLANG_WARN_OBJC_LITERAL_CONVERSION = YES;
				CLANG_WARN_OBJC_ROOT_CLASS = YES_ERROR;
				CLANG_WARN_QUOTED_INCLUDE_IN_FRAMEWORK_HEADER = YES;
				CLANG_WARN_RANGE_LOOP_ANALYSIS = YES;
				CLANG_WARN_STRICT_PROTOTYPES = YES;
				CLANG_WARN_SUSPICIOUS_MOVE = YES;
				CLANG_WARN_UNGUARDED_AVAILABILITY = YES_AGGRESSIVE;
				CLANG_WARN_UNREACHABLE_CODE = YES;
				CLANG_WARN__DUPLICATE_METHOD_MATCH = YES;
				CODE_SIGN_IDENTITY = "-";
				CODE_SIGN_STYLE = Automatic;
				COPY_PHASE_STRIP = NO;
				CURRENT_PROJECT_VERSION = 1;
				DEBUG_INFORMATION_FORMAT = dwarf;
				ENABLE_STRICT_OBJC_MSGSEND = YES;
				ENABLE_TESTABILITY = YES;
				GCC_C_LANGUAGE_STANDARD = gnu11;
				GCC_DYNAMIC_NO_PIC = NO;
				GCC_NO_COMMON_BLOCKS = YES;
				GCC_OPTIMIZATION_LEVEL = 0;
				GCC_PREPROCESSOR_DEFINITIONS = (
					"$(inherited)",
					"DEBUG=1",
				);
				GCC_WARN_64_TO_32_BIT_CONVERSION = YES;
				GCC_WARN_ABOUT_RETURN_TYPE = YES_ERROR;
				GCC_WARN_UNDECLARED_SELECTOR = YES;
				GCC_WARN_UNINITIALIZED_AUTOS = YES_AGGRESSIVE;
				GCC_WARN_UNUSED_FUNCTION = YES;
				GCC_WARN_UNUSED_VARIABLE = YES;
				MACOSX_DEPLOYMENT_TARGET = 14.0;
				MARKETING_VERSION = 1.0;
				MTL_ENABLE_DEBUG_INFO = INCLUDE_SOURCE;
				MTL_FAST_MATH = YES;
				ONLY_ACTIVE_ARCH = YES;
				PRODUCT_NAME = "$(TARGET_NAME)";
				SDKROOT = macosx;
				SWIFT_ACTIVE_COMPILATION_CONDITIONS = DEBUG;
				SWIFT_OPTIMIZATION_LEVEL = "-Onone";
				SWIFT_VERSION = 5.9;
			};
			name = Debug;
		};
		B8BE339ED047E4564DA9D388 /* Release */ = {
			isa = XCBuildConfiguration;
			buildSettings = {
				ALWAYS_SEARCH_USER_PATHS = NO;
				CLANG_ANALYZER_NONNULL = YES;
				CLANG_ANALYZER_NUMBER_OBJECT_CONVERSION = YES_AGGRESSIVE;
				CLANG_CXX_LANGUAGE_STANDARD = "gnu++14";
				CLANG_CXX_LIBRARY = "libc++";
				CLANG_ENABLE_MODULES = YES;
				CLANG_ENABLE_OBJC_ARC = YES;
				CLANG_ENABLE_OBJC_WEAK = YES;
				CLANG_WARN_BLOCK_CAPTURE_AUTORELEASING = YES;
				CLANG_WARN_BOOL_CONVERSION = YES;
				CLANG_WARN_COMMA = YES;
				CLANG_WARN_CONSTANT_CONVERSION = YES;
				CLANG_WARN_DEPRECATED_OBJC_IMPLEMENTATIONS = YES;
				CLANG_WARN_DIRECT_OBJC_ISA_USAGE = YES_ERROR;
				CLANG_WARN_DOCUMENTATION_COMMENTS = YES;
				CLANG_WARN_EMPTY_BODY = YES;
				CLANG_WARN_ENUM_CONVERSION = YES;
				CLANG_WARN_INFINITE_RECURSION = YES;
				CLANG_WARN_INT_CONVERSION = YES;
				CLANG_WARN_NON_LITERAL_NULL_CONVERSION = YES;
				CLANG_WARN_OBJC_IMPLICIT_RETAIN_SELF = YES;
				CLANG_WARN_OBJC_LITERAL_CONVERSION = YES;
				CLANG_WARN_OBJC_ROOT_CLASS = YES_ERROR;
				CLANG_WARN_QUOTED_INCLUDE_IN_FRAMEWORK_HEADER = YES;
				CLANG_WARN_RANGE_LOOP_ANALYSIS = YES;
				CLANG_WARN_STRICT_PROTOTYPES = YES;
				CLANG_WARN_SUSPICIOUS_MOVE = YES;
				CLANG_WARN_UNGUARDED_AVAILABILITY = YES_AGGRESSIVE;
				CLANG_WARN_UNREACHABLE_CODE = YES;
				CLANG_WARN__DUPLICATE_METHOD_MATCH = YES;
				CODE_SIGN_IDENTITY = "-";
				CODE_SIGN_STYLE = Automatic;
				COPY_PHASE_STRIP = NO;
				CURRENT_PROJECT_VERSION = 1;
				DEBUG_INFORMATION_FORMAT = "dwarf-with-dsym";
				ENABLE_NS_ASSERTIONS = NO;
				ENABLE_STRICT_OBJC_MSGSEND = YES;
				GCC_C_LANGUAGE_STANDARD = gnu11;
				GCC_NO_COMMON_BLOCKS = YES;
				GCC_WARN_64_TO_32_BIT_CONVERSION = YES;
				GCC_WARN_ABOUT_RETURN_TYPE = YES_ERROR;
				GCC_WARN_UNDECLARED_SELECTOR = YES;
				GCC_WARN_UNINITIALIZED_AUTOS = YES_AGGRESSIVE;
				GCC_WARN_UNUSED_FUNCTION = YES;
				GCC_WARN_UNUSED_VARIABLE = YES;
				MACOSX_DEPLOYMENT_TARGET = 14.0;
				MARKETING_VERSION = 1.0;
				MTL_ENABLE_DEBUG_INFO = NO;
				MTL_FAST_MATH = YES;
				PRODUCT_NAME = "$(TARGET_NAME)";
				SDKROOT = macosx;
				SWIFT_COMPILATION_MODE = wholemodule;
				SWIFT_OPTIMIZATION_LEVEL = "-O";
				SWIFT_VERSION = 5.9;
			};
			name = Release;
		};
		D36CBE916A77D1BE15505863 /* Release */ = {
			isa = XCBuildConfiguration;
			buildSettings = {
				ASSETCATALOG_COMPILER_APPICON_NAME = AppIcon;
				CODE_SIGN_ENTITLEMENTS = ColorMatching/ColorMatching.entitlements;
				COMBINE_HIDPI_IMAGES = YES;
				ENABLE_HARDENED_RUNTIME = YES;
				GENERATE_INFOPLIST_FILE = NO;
				INFOPLIST_FILE = ColorMatching/Info.plist;
				LD_RUNPATH_SEARCH_PATHS = (
					"$(inherited)",
					"@executable_path/../Frameworks",
				);
				PRODUCT_BUNDLE_IDENTIFIER = com.viamin.colormatching.composer;
				SDKROOT = macosx;
			};
			name = Release;
		};
/* End XCBuildConfiguration section */

/* Begin XCConfigurationList section */
		916938EC1F9914CDB033958A /* Build configuration list for PBXProject "ColorMatching" */ = {
			isa = XCConfigurationList;
			buildConfigurations = (
				84418E9F0CF796BC021AEA9B /* Debug */,
				B8BE339ED047E4564DA9D388 /* Release */,
			);
			defaultConfigurationIsVisible = 0;
			defaultConfigurationName = Debug;
		};
		B1BDED6FAB1F7A0542CDBBF9 /* Build configuration list for PBXNativeTarget "ColorMatching" */ = {
			isa = XCConfigurationList;
			buildConfigurations = (
				3AF365C54C1A5C3E6D464158 /* Debug */,
				D36CBE916A77D1BE15505863 /* Release */,
			);
			defaultConfigurationIsVisible = 0;
			defaultConfigurationName = Debug;
		};
/* End XCConfigurationList section */

/* Begin XCLocalSwiftPackageReference section */
		F1F28A6A3F1191124AA4139E /* XCLocalSwiftPackageReference "ColorComposerCore" */ = {
			isa = XCLocalSwiftPackageReference;
			relativePath = ColorComposerCore;
		};
/* End XCLocalSwiftPackageReference section */

/* Begin XCSwiftPackageProductDependency section */
		28B96300F0AF18AAB10BD009 /* ColorComposerCore */ = {
			isa = XCSwiftPackageProductDependency;
			productName = ColorComposerCore;
		};
/* End XCSwiftPackageProductDependency section */
	};
	rootObject = 62E6A01D9803A97073CBE3C8 /* Project object */;
}
